
Microsoft Visual Studio Solution File, Format Version 12.00
# Visual Studio 15
VisualStudioVersion = 15.0.28010.2050
MinimumVisualStudioVersion = 10.0.40219.1
Project("{FAE04EC0-301F-11D3-BF4B-00C04F79EFBC}") = "RebootTechBot", "RebootTechBot\RebootTechBot.csproj", "{606B8BBB-5DB4-4484-91CC-4BDB80A210DA}"
EndProject
Project("{FAE04EC0-301F-11D3-BF4B-00C04F79EFBC}") = "RebootTechBotLib", "RebootTechBotLib\RebootTechBotLib.csproj", "{D175359F-C5FB-4455-B85F-12B9DEFBB682}"
EndProject
Project("{9A19103F-16F7-4668-BE54-9A1E7A4F7556}") = "TwitchLib.Client", "TwitchLib.Client\TwitchLib.Client\TwitchLib.Client.csproj", "{3E8B5668-4D87-412C-9D65-C000E178C053}"
EndProject
Project("{9A19103F-16F7-4668-BE54-9A1E7A4F7556}") = "TwitchLib.Client.Enums", "TwitchLib.Client\TwitchLib.Client.Enums\TwitchLib.Client.Enums.csproj", "{5BEF1414-9BF1-40C2-A318-376BB8C39644}"
EndProject
Project("{9A19103F-16F7-4668-BE54-9A1E7A4F7556}") = "TwitchLib.Client.Models", "TwitchLib.Client\TwitchLib.Client.Models\TwitchLib.Client.Models.csproj", "{49CD4CF8-7D7E-437E-B102-91B3460A76A0}"
EndProject
Project("{9A19103F-16F7-4668-BE54-9A1E7A4F7556}") = "TwitchLib.Communication", "TwitchLib.Communication\src\TwitchLib.Communication\TwitchLib.Communication.csproj", "{AF313360-0DFF-4475-9363-5D6EDFEDBDF9}"
EndProject
Project("{9A19103F-16F7-4668-BE54-9A1E7A4F7556}") = "TwitchLib.Api", "TwitchLib.Api\TwitchLib.Api\TwitchLib.Api.csproj", "{E54DBE2F-2ECC-4E59-ACFD-5D59ADAA9434}"
EndProject
Project("{9A19103F-16F7-4668-BE54-9A1E7A4F7556}") = "TwitchLib.Api.Core", "TwitchLib.Api\TwitchLib.Api.Core\TwitchLib.Api.Core.csproj", "{B500D3FF-59CF-4AEA-821B-E462A92BBF88}"
EndProject
Project("{9A19103F-16F7-4668-BE54-9A1E7A4F7556}") = "TwitchLib.Api.Core.Enums", "TwitchLib.Api\TwitchLib.Api.Core.Enums\TwitchLib.Api.Core.Enums.csproj", "{98DAEE67-09A5-49ED-B252-630D382601D6}"
EndProject
Project("{9A19103F-16F7-4668-BE54-9A1E7A4F7556}") = "TwitchLib.Api.Helix", "TwitchLib.Api\TwitchLib.Api.Helix\TwitchLib.Api.Helix.csproj", "{C3A6D8B7-62BE-4462-A214-B7BB6EAF6A67}"
EndProject
Project("{9A19103F-16F7-4668-BE54-9A1E7A4F7556}") = "TwitchLib.Api.Helix.Models", "TwitchLib.Api\TwitchLib.Api.Helix.Models\TwitchLib.Api.Helix.Models.csproj", "{706E38A9-EA81-461B-84B1-DC3BDDF86B53}"
EndProject
Project("{9A19103F-16F7-4668-BE54-9A1E7A4F7556}") = "TwitchLib.Api.V5", "TwitchLib.Api\TwitchLib.Api.V5\TwitchLib.Api.V5.csproj", "{C9C6DF83-C150-4F97-AB5B-50224E48918B}"
EndProject
Project("{9A19103F-16F7-4668-BE54-9A1E7A4F7556}") = "TwitchLib.Api.V5.Models", "TwitchLib.Api\TwitchLib.Api.V5.Models\TwitchLib.Api.V5.Models.csproj", "{A5005E75-34CB-433F-B4B0-D94329852C1E}"
EndProject
Project("{9A19103F-16F7-4668-BE54-9A1E7A4F7556}") = "TwitchLib.Api.Core.Interfaces", "TwitchLib.Api\TwitchLib.Api.Core.Interfaces\TwitchLib.Api.Core.Interfaces.csproj", "{61709FED-1B63-46A4-9F35-1B3EE93B5E17}"
EndProject
Project("{9A19103F-16F7-4668-BE54-9A1E7A4F7556}") = "TwitchLib.Api.Core.Models", "TwitchLib.Api\TwitchLib.Api.Core.Models\TwitchLib.Api.Core.Models.csproj", "{B89FC88B-E6D6-4B81-8B93-55325E444737}"
EndProject
Project("{FAE04EC0-301F-11D3-BF4B-00C04F79EFBC}") = "RebootTechBotLib.Data", "RebootTechBotLib.Data\RebootTechBotLib.Data.csproj", "{CB9D2D57-4B5A-42FF-8FFE-52F10629D3E0}"
EndProject
Project("{FAE04EC0-301F-11D3-BF4B-00C04F79EFBC}") = "RebootTechBotLib.SharedTypes", "RebootTechBotLib.SharedTypes\RebootTechBotLib.SharedTypes.csproj", "{72CAA076-B582-4EBC-9941-C2F40526A09C}"
EndProject
Project("{2150E333-8FDC-42A3-9474-1A3956D46DE8}") = "TwitchLib", "TwitchLib", "{2F03FA3A-C85F-4DC7-B317-65936E7C3658}"
EndProject
Global
	GlobalSection(SolutionConfigurationPlatforms) = preSolution
		Debug|Any CPU = Debug|Any CPU
		Debug|x64 = Debug|x64
		Debug|x86 = Debug|x86
		Release|Any CPU = Release|Any CPU
		Release|x64 = Release|x64
		Release|x86 = Release|x86
	EndGlobalSection
	GlobalSection(ProjectConfigurationPlatforms) = postSolution
		{606B8BBB-5DB4-4484-91CC-4BDB80A210DA}.Debug|Any CPU.ActiveCfg = Debug|Any CPU
		{606B8BBB-5DB4-4484-91CC-4BDB80A210DA}.Debug|Any CPU.Build.0 = Debug|Any CPU
		{606B8BBB-5DB4-4484-91CC-4BDB80A210DA}.Debug|x64.ActiveCfg = Debug|x64
		{606B8BBB-5DB4-4484-91CC-4BDB80A210DA}.Debug|x64.Build.0 = Debug|x64
		{606B8BBB-5DB4-4484-91CC-4BDB80A210DA}.Debug|x86.ActiveCfg = Debug|x86
		{606B8BBB-5DB4-4484-91CC-4BDB80A210DA}.Debug|x86.Build.0 = Debug|x86
		{606B8BBB-5DB4-4484-91CC-4BDB80A210DA}.Release|Any CPU.ActiveCfg = Release|Any CPU
		{606B8BBB-5DB4-4484-91CC-4BDB80A210DA}.Release|Any CPU.Build.0 = Release|Any CPU
		{606B8BBB-5DB4-4484-91CC-4BDB80A210DA}.Release|x64.ActiveCfg = Release|x64
		{606B8BBB-5DB4-4484-91CC-4BDB80A210DA}.Release|x64.Build.0 = Release|x64
		{606B8BBB-5DB4-4484-91CC-4BDB80A210DA}.Release|x86.ActiveCfg = Release|x86
		{606B8BBB-5DB4-4484-91CC-4BDB80A210DA}.Release|x86.Build.0 = Release|x86
		{D175359F-C5FB-4455-B85F-12B9DEFBB682}.Debug|Any CPU.ActiveCfg = Debug|Any CPU
		{D175359F-C5FB-4455-B85F-12B9DEFBB682}.Debug|Any CPU.Build.0 = Debug|Any CPU
		{D175359F-C5FB-4455-B85F-12B9DEFBB682}.Debug|x64.ActiveCfg = Debug|x64
		{D175359F-C5FB-4455-B85F-12B9DEFBB682}.Debug|x64.Build.0 = Debug|x64
		{D175359F-C5FB-4455-B85F-12B9DEFBB682}.Debug|x86.ActiveCfg = Debug|x86
		{D175359F-C5FB-4455-B85F-12B9DEFBB682}.Debug|x86.Build.0 = Debug|x86
		{D175359F-C5FB-4455-B85F-12B9DEFBB682}.Release|Any CPU.ActiveCfg = Release|Any CPU
		{D175359F-C5FB-4455-B85F-12B9DEFBB682}.Release|Any CPU.Build.0 = Release|Any CPU
		{D175359F-C5FB-4455-B85F-12B9DEFBB682}.Release|x64.ActiveCfg = Release|x64
		{D175359F-C5FB-4455-B85F-12B9DEFBB682}.Release|x64.Build.0 = Release|x64
		{D175359F-C5FB-4455-B85F-12B9DEFBB682}.Release|x86.ActiveCfg = Release|x86
		{D175359F-C5FB-4455-B85F-12B9DEFBB682}.Release|x86.Build.0 = Release|x86
		{3E8B5668-4D87-412C-9D65-C000E178C053}.Debug|Any CPU.ActiveCfg = Debug|Any CPU
		{3E8B5668-4D87-412C-9D65-C000E178C053}.Debug|Any CPU.Build.0 = Debug|Any CPU
		{3E8B5668-4D87-412C-9D65-C000E178C053}.Debug|x64.ActiveCfg = Debug|x64
		{3E8B5668-4D87-412C-9D65-C000E178C053}.Debug|x64.Build.0 = Debug|x64
		{3E8B5668-4D87-412C-9D65-C000E178C053}.Debug|x86.ActiveCfg = Debug|x86
		{3E8B5668-4D87-412C-9D65-C000E178C053}.Debug|x86.Build.0 = Debug|x86
		{3E8B5668-4D87-412C-9D65-C000E178C053}.Release|Any CPU.ActiveCfg = Release|Any CPU
		{3E8B5668-4D87-412C-9D65-C000E178C053}.Release|Any CPU.Build.0 = Release|Any CPU
		{3E8B5668-4D87-412C-9D65-C000E178C053}.Release|x64.ActiveCfg = Release|x64
		{3E8B5668-4D87-412C-9D65-C000E178C053}.Release|x64.Build.0 = Release|x64
		{3E8B5668-4D87-412C-9D65-C000E178C053}.Release|x86.ActiveCfg = Release|x86
		{3E8B5668-4D87-412C-9D65-C000E178C053}.Release|x86.Build.0 = Release|x86
		{5BEF1414-9BF1-40C2-A318-376BB8C39644}.Debug|Any CPU.ActiveCfg = Debug|Any CPU
		{5BEF1414-9BF1-40C2-A318-376BB8C39644}.Debug|Any CPU.Build.0 = Debug|Any CPU
		{5BEF1414-9BF1-40C2-A318-376BB8C39644}.Debug|x64.ActiveCfg = Debug|x64
		{5BEF1414-9BF1-40C2-A318-376BB8C39644}.Debug|x64.Build.0 = Debug|x64
		{5BEF1414-9BF1-40C2-A318-376BB8C39644}.Debug|x86.ActiveCfg = Debug|x86
		{5BEF1414-9BF1-40C2-A318-376BB8C39644}.Debug|x86.Build.0 = Debug|x86
		{5BEF1414-9BF1-40C2-A318-376BB8C39644}.Release|Any CPU.ActiveCfg = Release|Any CPU
		{5BEF1414-9BF1-40C2-A318-376BB8C39644}.Release|Any CPU.Build.0 = Release|Any CPU
		{5BEF1414-9BF1-40C2-A318-376BB8C39644}.Release|x64.ActiveCfg = Release|x64
		{5BEF1414-9BF1-40C2-A318-376BB8C39644}.Release|x64.Build.0 = Release|x64
		{5BEF1414-9BF1-40C2-A318-376BB8C39644}.Release|x86.ActiveCfg = Release|x86
		{5BEF1414-9BF1-40C2-A318-376BB8C39644}.Release|x86.Build.0 = Release|x86
		{49CD4CF8-7D7E-437E-B102-91B3460A76A0}.Debug|Any CPU.ActiveCfg = Debug|Any CPU
		{49CD4CF8-7D7E-437E-B102-91B3460A76A0}.Debug|Any CPU.Build.0 = Debug|Any CPU
		{49CD4CF8-7D7E-437E-B102-91B3460A76A0}.Debug|x64.ActiveCfg = Debug|x64
		{49CD4CF8-7D7E-437E-B102-91B3460A76A0}.Debug|x64.Build.0 = Debug|x64
		{49CD4CF8-7D7E-437E-B102-91B3460A76A0}.Debug|x86.ActiveCfg = Debug|x86
		{49CD4CF8-7D7E-437E-B102-91B3460A76A0}.Debug|x86.Build.0 = Debug|x86
		{49CD4CF8-7D7E-437E-B102-91B3460A76A0}.Release|Any CPU.ActiveCfg = Release|Any CPU
		{49CD4CF8-7D7E-437E-B102-91B3460A76A0}.Release|Any CPU.Build.0 = Release|Any CPU
		{49CD4CF8-7D7E-437E-B102-91B3460A76A0}.Release|x64.ActiveCfg = Release|x64
		{49CD4CF8-7D7E-437E-B102-91B3460A76A0}.Release|x64.Build.0 = Release|x64
		{49CD4CF8-7D7E-437E-B102-91B3460A76A0}.Release|x86.ActiveCfg = Release|x86
		{49CD4CF8-7D7E-437E-B102-91B3460A76A0}.Release|x86.Build.0 = Release|x86
		{AF313360-0DFF-4475-9363-5D6EDFEDBDF9}.Debug|Any CPU.ActiveCfg = Debug|Any CPU
		{AF313360-0DFF-4475-9363-5D6EDFEDBDF9}.Debug|Any CPU.Build.0 = Debug|Any CPU
		{AF313360-0DFF-4475-9363-5D6EDFEDBDF9}.Debug|x64.ActiveCfg = Debug|x64
		{AF313360-0DFF-4475-9363-5D6EDFEDBDF9}.Debug|x64.Build.0 = Debug|x64
		{AF313360-0DFF-4475-9363-5D6EDFEDBDF9}.Debug|x86.ActiveCfg = Debug|x86
		{AF313360-0DFF-4475-9363-5D6EDFEDBDF9}.Debug|x86.Build.0 = Debug|x86
		{AF313360-0DFF-4475-9363-5D6EDFEDBDF9}.Release|Any CPU.ActiveCfg = Release|Any CPU
		{AF313360-0DFF-4475-9363-5D6EDFEDBDF9}.Release|Any CPU.Build.0 = Release|Any CPU
		{AF313360-0DFF-4475-9363-5D6EDFEDBDF9}.Release|x64.ActiveCfg = Release|x64
		{AF313360-0DFF-4475-9363-5D6EDFEDBDF9}.Release|x64.Build.0 = Release|x64
		{AF313360-0DFF-4475-9363-5D6EDFEDBDF9}.Release|x86.ActiveCfg = Release|x86
		{AF313360-0DFF-4475-9363-5D6EDFEDBDF9}.Release|x86.Build.0 = Release|x86
		{E54DBE2F-2ECC-4E59-ACFD-5D59ADAA9434}.Debug|Any CPU.ActiveCfg = Debug|Any CPU
		{E54DBE2F-2ECC-4E59-ACFD-5D59ADAA9434}.Debug|Any CPU.Build.0 = Debug|Any CPU
		{E54DBE2F-2ECC-4E59-ACFD-5D59ADAA9434}.Debug|x64.ActiveCfg = Debug|x64
		{E54DBE2F-2ECC-4E59-ACFD-5D59ADAA9434}.Debug|x64.Build.0 = Debug|x64
		{E54DBE2F-2ECC-4E59-ACFD-5D59ADAA9434}.Debug|x86.ActiveCfg = Debug|x86
		{E54DBE2F-2ECC-4E59-ACFD-5D59ADAA9434}.Debug|x86.Build.0 = Debug|x86
		{E54DBE2F-2ECC-4E59-ACFD-5D59ADAA9434}.Release|Any CPU.ActiveCfg = Release|Any CPU
		{E54DBE2F-2ECC-4E59-ACFD-5D59ADAA9434}.Release|Any CPU.Build.0 = Release|Any CPU
		{E54DBE2F-2ECC-4E59-ACFD-5D59ADAA9434}.Release|x64.ActiveCfg = Release|x64
		{E54DBE2F-2ECC-4E59-ACFD-5D59ADAA9434}.Release|x64.Build.0 = Release|x64
		{E54DBE2F-2ECC-4E59-ACFD-5D59ADAA9434}.Release|x86.ActiveCfg = Release|x86
		{E54DBE2F-2ECC-4E59-ACFD-5D59ADAA9434}.Release|x86.Build.0 = Release|x86
		{B500D3FF-59CF-4AEA-821B-E462A92BBF88}.Debug|Any CPU.ActiveCfg = Debug|Any CPU
		{B500D3FF-59CF-4AEA-821B-E462A92BBF88}.Debug|Any CPU.Build.0 = Debug|Any CPU
		{B500D3FF-59CF-4AEA-821B-E462A92BBF88}.Debug|x64.ActiveCfg = Debug|x64
		{B500D3FF-59CF-4AEA-821B-E462A92BBF88}.Debug|x64.Build.0 = Debug|x64
		{B500D3FF-59CF-4AEA-821B-E462A92BBF88}.Debug|x86.ActiveCfg = Debug|x86
		{B500D3FF-59CF-4AEA-821B-E462A92BBF88}.Debug|x86.Build.0 = Debug|x86
		{B500D3FF-59CF-4AEA-821B-E462A92BBF88}.Release|Any CPU.ActiveCfg = Release|Any CPU
		{B500D3FF-59CF-4AEA-821B-E462A92BBF88}.Release|Any CPU.Build.0 = Release|Any CPU
		{B500D3FF-59CF-4AEA-821B-E462A92BBF88}.Release|x64.ActiveCfg = Release|x64
		{B500D3FF-59CF-4AEA-821B-E462A92BBF88}.Release|x64.Build.0 = Release|x64
		{B500D3FF-59CF-4AEA-821B-E462A92BBF88}.Release|x86.ActiveCfg = Release|x86
		{B500D3FF-59CF-4AEA-821B-E462A92BBF88}.Release|x86.Build.0 = Release|x86
		{98DAEE67-09A5-49ED-B252-630D382601D6}.Debug|Any CPU.ActiveCfg = Debug|Any CPU
		{98DAEE67-09A5-49ED-B252-630D382601D6}.Debug|Any CPU.Build.0 = Debug|Any CPU
		{98DAEE67-09A5-49ED-B252-630D382601D6}.Debug|x64.ActiveCfg = Debug|x64
		{98DAEE67-09A5-49ED-B252-630D382601D6}.Debug|x64.Build.0 = Debug|x64
		{98DAEE67-09A5-49ED-B252-630D382601D6}.Debug|x86.ActiveCfg = Debug|x86
		{98DAEE67-09A5-49ED-B252-630D382601D6}.Debug|x86.Build.0 = Debug|x86
		{98DAEE67-09A5-49ED-B252-630D382601D6}.Release|Any CPU.ActiveCfg = Release|Any CPU
		{98DAEE67-09A5-49ED-B252-630D382601D6}.Release|Any CPU.Build.0 = Release|Any CPU
		{98DAEE67-09A5-49ED-B252-630D382601D6}.Release|x64.ActiveCfg = Release|x64
		{98DAEE67-09A5-49ED-B252-630D382601D6}.Release|x64.Build.0 = Release|x64
		{98DAEE67-09A5-49ED-B252-630D382601D6}.Release|x86.ActiveCfg = Release|x86
		{98DAEE67-09A5-49ED-B252-630D382601D6}.Release|x86.Build.0 = Release|x86
		{C3A6D8B7-62BE-4462-A214-B7BB6EAF6A67}.Debug|Any CPU.ActiveCfg = Debug|Any CPU
		{C3A6D8B7-62BE-4462-A214-B7BB6EAF6A67}.Debug|Any CPU.Build.0 = Debug|Any CPU
		{C3A6D8B7-62BE-4462-A214-B7BB6EAF6A67}.Debug|x64.ActiveCfg = Debug|x64
		{C3A6D8B7-62BE-4462-A214-B7BB6EAF6A67}.Debug|x64.Build.0 = Debug|x64
		{C3A6D8B7-62BE-4462-A214-B7BB6EAF6A67}.Debug|x86.ActiveCfg = Debug|x86
		{C3A6D8B7-62BE-4462-A214-B7BB6EAF6A67}.Debug|x86.Build.0 = Debug|x86
		{C3A6D8B7-62BE-4462-A214-B7BB6EAF6A67}.Release|Any CPU.ActiveCfg = Release|Any CPU
		{C3A6D8B7-62BE-4462-A214-B7BB6EAF6A67}.Release|Any CPU.Build.0 = Release|Any CPU
		{C3A6D8B7-62BE-4462-A214-B7BB6EAF6A67}.Release|x64.ActiveCfg = Release|x64
		{C3A6D8B7-62BE-4462-A214-B7BB6EAF6A67}.Release|x64.Build.0 = Release|x64
		{C3A6D8B7-62BE-4462-A214-B7BB6EAF6A67}.Release|x86.ActiveCfg = Release|x86
		{C3A6D8B7-62BE-4462-A214-B7BB6EAF6A67}.Release|x86.Build.0 = Release|x86
		{706E38A9-EA81-461B-84B1-DC3BDDF86B53}.Debug|Any CPU.ActiveCfg = Debug|Any CPU
		{706E38A9-EA81-461B-84B1-DC3BDDF86B53}.Debug|Any CPU.Build.0 = Debug|Any CPU
		{706E38A9-EA81-461B-84B1-DC3BDDF86B53}.Debug|x64.ActiveCfg = Debug|x64
		{706E38A9-EA81-461B-84B1-DC3BDDF86B53}.Debug|x64.Build.0 = Debug|x64
		{706E38A9-EA81-461B-84B1-DC3BDDF86B53}.Debug|x86.ActiveCfg = Debug|x86
		{706E38A9-EA81-461B-84B1-DC3BDDF86B53}.Debug|x86.Build.0 = Debug|x86
		{706E38A9-EA81-461B-84B1-DC3BDDF86B53}.Release|Any CPU.ActiveCfg = Release|Any CPU
		{706E38A9-EA81-461B-84B1-DC3BDDF86B53}.Release|Any CPU.Build.0 = Release|Any CPU
		{706E38A9-EA81-461B-84B1-DC3BDDF86B53}.Release|x64.ActiveCfg = Release|x64
		{706E38A9-EA81-461B-84B1-DC3BDDF86B53}.Release|x64.Build.0 = Release|x64
		{706E38A9-EA81-461B-84B1-DC3BDDF86B53}.Release|x86.ActiveCfg = Release|x86
		{706E38A9-EA81-461B-84B1-DC3BDDF86B53}.Release|x86.Build.0 = Release|x86
		{C9C6DF83-C150-4F97-AB5B-50224E48918B}.Debug|Any CPU.ActiveCfg = Debug|Any CPU
		{C9C6DF83-C150-4F97-AB5B-50224E48918B}.Debug|Any CPU.Build.0 = Debug|Any CPU
		{C9C6DF83-C150-4F97-AB5B-50224E48918B}.Debug|x64.ActiveCfg = Debug|x64
		{C9C6DF83-C150-4F97-AB5B-50224E48918B}.Debug|x64.Build.0 = Debug|x64
		{C9C6DF83-C150-4F97-AB5B-50224E48918B}.Debug|x86.ActiveCfg = Debug|x86
		{C9C6DF83-C150-4F97-AB5B-50224E48918B}.Debug|x86.Build.0 = Debug|x86
		{C9C6DF83-C150-4F97-AB5B-50224E48918B}.Release|Any CPU.ActiveCfg = Release|Any CPU
		{C9C6DF83-C150-4F97-AB5B-50224E48918B}.Release|Any CPU.Build.0 = Release|Any CPU
		{C9C6DF83-C150-4F97-AB5B-50224E48918B}.Release|x64.ActiveCfg = Release|x64
		{C9C6DF83-C150-4F97-AB5B-50224E48918B}.Release|x64.Build.0 = Release|x64
		{C9C6DF83-C150-4F97-AB5B-50224E48918B}.Release|x86.ActiveCfg = Release|x86
		{C9C6DF83-C150-4F97-AB5B-50224E48918B}.Release|x86.Build.0 = Release|x86
		{A5005E75-34CB-433F-B4B0-D94329852C1E}.Debug|Any CPU.ActiveCfg = Debug|Any CPU
		{A5005E75-34CB-433F-B4B0-D94329852C1E}.Debug|Any CPU.Build.0 = Debug|Any CPU
		{A5005E75-34CB-433F-B4B0-D94329852C1E}.Debug|x64.ActiveCfg = Debug|x64
		{A5005E75-34CB-433F-B4B0-D94329852C1E}.Debug|x64.Build.0 = Debug|x64
		{A5005E75-34CB-433F-B4B0-D94329852C1E}.Debug|x86.ActiveCfg = Debug|x86
		{A5005E75-34CB-433F-B4B0-D94329852C1E}.Debug|x86.Build.0 = Debug|x86
		{A5005E75-34CB-433F-B4B0-D94329852C1E}.Release|Any CPU.ActiveCfg = Release|Any CPU
		{A5005E75-34CB-433F-B4B0-D94329852C1E}.Release|Any CPU.Build.0 = Release|Any CPU
		{A5005E75-34CB-433F-B4B0-D94329852C1E}.Release|x64.ActiveCfg = Release|x64
		{A5005E75-34CB-433F-B4B0-D94329852C1E}.Release|x64.Build.0 = Release|x64
		{A5005E75-34CB-433F-B4B0-D94329852C1E}.Release|x86.ActiveCfg = Release|x86
		{A5005E75-34CB-433F-B4B0-D94329852C1E}.Release|x86.Build.0 = Release|x86
		{61709FED-1B63-46A4-9F35-1B3EE93B5E17}.Debug|Any CPU.ActiveCfg = Debug|Any CPU
		{61709FED-1B63-46A4-9F35-1B3EE93B5E17}.Debug|Any CPU.Build.0 = Debug|Any CPU
		{61709FED-1B63-46A4-9F35-1B3EE93B5E17}.Debug|x64.ActiveCfg = Debug|x64
		{61709FED-1B63-46A4-9F35-1B3EE93B5E17}.Debug|x64.Build.0 = Debug|x64
		{61709FED-1B63-46A4-9F35-1B3EE93B5E17}.Debug|x86.ActiveCfg = Debug|x86
		{61709FED-1B63-46A4-9F35-1B3EE93B5E17}.Debug|x86.Build.0 = Debug|x86
		{61709FED-1B63-46A4-9F35-1B3EE93B5E17}.Release|Any CPU.ActiveCfg = Release|Any CPU
		{61709FED-1B63-46A4-9F35-1B3EE93B5E17}.Release|Any CPU.Build.0 = Release|Any CPU
		{61709FED-1B63-46A4-9F35-1B3EE93B5E17}.Release|x64.ActiveCfg = Release|x64
		{61709FED-1B63-46A4-9F35-1B3EE93B5E17}.Release|x64.Build.0 = Release|x64
		{61709FED-1B63-46A4-9F35-1B3EE93B5E17}.Release|x86.ActiveCfg = Release|x86
		{61709FED-1B63-46A4-9F35-1B3EE93B5E17}.Release|x86.Build.0 = Release|x86
		{B89FC88B-E6D6-4B81-8B93-55325E444737}.Debug|Any CPU.ActiveCfg = Debug|Any CPU
		{B89FC88B-E6D6-4B81-8B93-55325E444737}.Debug|Any CPU.Build.0 = Debug|Any CPU
		{B89FC88B-E6D6-4B81-8B93-55325E444737}.Debug|x64.ActiveCfg = Debug|x64
		{B89FC88B-E6D6-4B81-8B93-55325E444737}.Debug|x64.Build.0 = Debug|x64
		{B89FC88B-E6D6-4B81-8B93-55325E444737}.Debug|x86.ActiveCfg = Debug|x86
		{B89FC88B-E6D6-4B81-8B93-55325E444737}.Debug|x86.Build.0 = Debug|x86
		{B89FC88B-E6D6-4B81-8B93-55325E444737}.Release|Any CPU.ActiveCfg = Release|Any CPU
		{B89FC88B-E6D6-4B81-8B93-55325E444737}.Release|Any CPU.Build.0 = Release|Any CPU
		{B89FC88B-E6D6-4B81-8B93-55325E444737}.Release|x64.ActiveCfg = Release|x64
		{B89FC88B-E6D6-4B81-8B93-55325E444737}.Release|x64.Build.0 = Release|x64
		{B89FC88B-E6D6-4B81-8B93-55325E444737}.Release|x86.ActiveCfg = Release|x86
		{B89FC88B-E6D6-4B81-8B93-55325E444737}.Release|x86.Build.0 = Release|x86
		{CB9D2D57-4B5A-42FF-8FFE-52F10629D3E0}.Debug|Any CPU.ActiveCfg = Debug|Any CPU
		{CB9D2D57-4B5A-42FF-8FFE-52F10629D3E0}.Debug|Any CPU.Build.0 = Debug|Any CPU
		{CB9D2D57-4B5A-42FF-8FFE-52F10629D3E0}.Debug|x64.ActiveCfg = Debug|x64
		{CB9D2D57-4B5A-42FF-8FFE-52F10629D3E0}.Debug|x64.Build.0 = Debug|x64
		{CB9D2D57-4B5A-42FF-8FFE-52F10629D3E0}.Debug|x86.ActiveCfg = Debug|x86
		{CB9D2D57-4B5A-42FF-8FFE-52F10629D3E0}.Debug|x86.Build.0 = Debug|x86
		{CB9D2D57-4B5A-42FF-8FFE-52F10629D3E0}.Release|Any CPU.ActiveCfg = Release|Any CPU
		{CB9D2D57-4B5A-42FF-8FFE-52F10629D3E0}.Release|Any CPU.Build.0 = Release|Any CPU
		{CB9D2D57-4B5A-42FF-8FFE-52F10629D3E0}.Release|x64.ActiveCfg = Release|x64
		{CB9D2D57-4B5A-42FF-8FFE-52F10629D3E0}.Release|x64.Build.0 = Release|x64
		{CB9D2D57-4B5A-42FF-8FFE-52F10629D3E0}.Release|x86.ActiveCfg = Release|x86
		{CB9D2D57-4B5A-42FF-8FFE-52F10629D3E0}.Release|x86.Build.0 = Release|x86
		{72CAA076-B582-4EBC-9941-C2F40526A09C}.Debug|Any CPU.ActiveCfg = Debug|Any CPU
		{72CAA076-B582-4EBC-9941-C2F40526A09C}.Debug|Any CPU.Build.0 = Debug|Any CPU
		{72CAA076-B582-4EBC-9941-C2F40526A09C}.Debug|x64.ActiveCfg = Debug|x64
		{72CAA076-B582-4EBC-9941-C2F40526A09C}.Debug|x64.Build.0 = Debug|x64
		{72CAA076-B582-4EBC-9941-C2F40526A09C}.Debug|x86.ActiveCfg = Debug|x86
		{72CAA076-B582-4EBC-9941-C2F40526A09C}.Debug|x86.Build.0 = Debug|x86
		{72CAA076-B582-4EBC-9941-C2F40526A09C}.Release|Any CPU.ActiveCfg = Release|Any CPU
		{72CAA076-B582-4EBC-9941-C2F40526A09C}.Release|Any CPU.Build.0 = Release|Any CPU
		{72CAA076-B582-4EBC-9941-C2F40526A09C}.Release|x64.ActiveCfg = Release|x64
		{72CAA076-B582-4EBC-9941-C2F40526A09C}.Release|x64.Build.0 = Release|x64
		{72CAA076-B582-4EBC-9941-C2F40526A09C}.Release|x86.ActiveCfg = Release|x86
		{72CAA076-B582-4EBC-9941-C2F40526A09C}.Release|x86.Build.0 = Release|x86
	EndGlobalSection
	GlobalSection(SolutionProperties) = preSolution
		HideSolutionNode = FALSE
	EndGlobalSection
	GlobalSection(NestedProjects) = preSolution
		{3E8B5668-4D87-412C-9D65-C000E178C053} = {2F03FA3A-C85F-4DC7-B317-65936E7C3658}
		{5BEF1414-9BF1-40C2-A318-376BB8C39644} = {2F03FA3A-C85F-4DC7-B317-65936E7C3658}
		{49CD4CF8-7D7E-437E-B102-91B3460A76A0} = {2F03FA3A-C85F-4DC7-B317-65936E7C3658}
		{AF313360-0DFF-4475-9363-5D6EDFEDBDF9} = {2F03FA3A-C85F-4DC7-B317-65936E7C3658}
		{E54DBE2F-2ECC-4E59-ACFD-5D59ADAA9434} = {2F03FA3A-C85F-4DC7-B317-65936E7C3658}
		{B500D3FF-59CF-4AEA-821B-E462A92BBF88} = {2F03FA3A-C85F-4DC7-B317-65936E7C3658}
		{98DAEE67-09A5-49ED-B252-630D382601D6} = {2F03FA3A-C85F-4DC7-B317-65936E7C3658}
		{C3A6D8B7-62BE-4462-A214-B7BB6EAF6A67} = {2F03FA3A-C85F-4DC7-B317-65936E7C3658}
		{706E38A9-EA81-461B-84B1-DC3BDDF86B53} = {2F03FA3A-C85F-4DC7-B317-65936E7C3658}
		{C9C6DF83-C150-4F97-AB5B-50224E48918B} = {2F03FA3A-C85F-4DC7-B317-65936E7C3658}
		{A5005E75-34CB-433F-B4B0-D94329852C1E} = {2F03FA3A-C85F-4DC7-B317-65936E7C3658}
		{61709FED-1B63-46A4-9F35-1B3EE93B5E17} = {2F03FA3A-C85F-4DC7-B317-65936E7C3658}
		{B89FC88B-E6D6-4B81-8B93-55325E444737} = {2F03FA3A-C85F-4DC7-B317-65936E7C3658}
	EndGlobalSection
	GlobalSection(ExtensibilityGlobals) = postSolution
		SolutionGuid = {43081C24-6A5A-4C93-A2AE-86A53ACA6898}
	EndGlobalSection
EndGlobal
